
Microsoft Visual Studio Solution File, Format Version 12.00
# Visual Studio 14
VisualStudioVersion = 14.0.25420.1
MinimumVisualStudioVersion = 10.0.40219.1
Project("{F184B08F-C81C-45F6-A57F-5ABD9991F28F}") = "CodeFly", "CodeFly\CodeFly.vbproj", "{DA52FA09-3F27-4B60-82D8-E3FED2805C2D}"
EndProject
Global
	GlobalSection(SolutionConfigurationPlatforms) = preSolution
		Debug|Any CPU = Debug|Any CPU
		Release|Any CPU = Release|Any CPU
	EndGlobalSection
	GlobalSection(ProjectConfigurationPlatforms) = postSolution
		{DA52FA09-3F27-4B60-82D8-E3FED2805C2D}.Debug|Any CPU.ActiveCfg = Debug|Any CPU
		{DA52FA09-3F27-4B60-82D8-E3FED2805C2D}.Debug|Any CPU.Build.0 = Debug|Any CPU
		{DA52FA09-3F27-4B60-82D8-E3FED2805C2D}.Release|Any CPU.ActiveCfg = Release|Any CPU
		{DA52FA09-3F27-4B60-82D8-E3FED2805C2D}.Release|Any CPU.Build.0 = Release|Any CPU
	EndGlobalSection
	GlobalSection(SolutionProperties) = preSolution
		HideSolutionNode = FALSE
	EndGlobalSection
EndGlobal
